
Microsoft Visual Studio Solution File, Format Version 12.00
# Visual Studio 15
VisualStudioVersion = 15.0.28307.1401
MinimumVisualStudioVersion = 10.0.40219.1
Project("{FAE04EC0-301F-11D3-BF4B-00C04F79EFBC}") = "GameProject", "GameProject\GameProject.csproj", "{1DFBF4DD-1D3D-4469-805D-B7A827057C7F}"
EndProject
Global
	GlobalSection(SolutionConfigurationPlatforms) = preSolution
		Debug|Any CPU = Debug|Any CPU
		Release|Any CPU = Release|Any CPU
	EndGlobalSection
	GlobalSection(ProjectConfigurationPlatforms) = postSolution
		{1DFBF4DD-1D3D-4469-805D-B7A827057C7F}.Debug|Any CPU.ActiveCfg = Debug|Any CPU
		{1DFBF4DD-1D3D-4469-805D-B7A827057C7F}.Debug|Any CPU.Build.0 = Debug|Any CPU
		{1DFBF4DD-1D3D-4469-805D-B7A827057C7F}.Release|Any CPU.ActiveCfg = Release|Any CPU
		{1DFBF4DD-1D3D-4469-805D-B7A827057C7F}.Release|Any CPU.Build.0 = Release|Any CPU
	EndGlobalSection
	GlobalSection(SolutionProperties) = preSolution
		HideSolutionNode = FALSE
	EndGlobalSection
	GlobalSection(ExtensibilityGlobals) = postSolution
		SolutionGuid = {7CBC3565-F734-42E3-86C2-B11B92AB245E}
	EndGlobalSection
EndGlobal
